
Microsoft Visual Studio Solution File, Format Version 12.00
# Visual Studio 15
VisualStudioVersion = 15.0.27428.2037
MinimumVisualStudioVersion = 10.0.40219.1
Project("{8BC9CEB8-8B4A-11D0-8D11-00A0C91BC942}") = "WeatherStationDuo", "WeatherStationDuo\WeatherStationDuo.vcxproj", "{8519A751-E335-405C-92F6-0A86B25AF78C}"
EndProject
Project("{8BC9CEB8-8B4A-11D0-8D11-00A0C91BC942}") = "WeatherStationDuoTests", "WeatherStationDuoTests\WeatherStationDuoTests.vcxproj", "{FE0CC8A2-9EAA-4F52-92B4-36F9B24102CB}"
EndProject
Project("{8BC9CEB8-8B4A-11D0-8D11-00A0C91BC942}") = "WeatherStationStats", "WeatherStationStats\WeatherStationStats.vcxproj", "{FA292317-ED22-4A8A-A8CF-0C41390999B1}"
EndProject
Project("{8BC9CEB8-8B4A-11D0-8D11-00A0C91BC942}") = "WeatherStationTests", "WeatherStationTests\WeatherStationTests.vcxproj", "{17006092-8710-4927-9EB6-B42A1E34AA89}"
EndProject
Project("{8BC9CEB8-8B4A-11D0-8D11-00A0C91BC942}") = "WeatherStationPro", "WeatherStationPro\WeatherStationPro.vcxproj", "{D97C03CD-DF82-4F79-A68A-D76F0136D5F9}"
EndProject
Project("{8BC9CEB8-8B4A-11D0-8D11-00A0C91BC942}") = "WeatherStationProDuo", "WeatherStationProDuo\WeatherStationProDuo.vcxproj", "{27C8BB69-249D-489A-98DB-68E5C2ED44D5}"
EndProject
Global
	GlobalSection(SolutionConfigurationPlatforms) = preSolution
		Debug|x64 = Debug|x64
		Debug|x86 = Debug|x86
		Release|x64 = Release|x64
		Release|x86 = Release|x86
	EndGlobalSection
	GlobalSection(ProjectConfigurationPlatforms) = postSolution
		{8519A751-E335-405C-92F6-0A86B25AF78C}.Debug|x64.ActiveCfg = Debug|x64
		{8519A751-E335-405C-92F6-0A86B25AF78C}.Debug|x64.Build.0 = Debug|x64
		{8519A751-E335-405C-92F6-0A86B25AF78C}.Debug|x86.ActiveCfg = Debug|Win32
		{8519A751-E335-405C-92F6-0A86B25AF78C}.Debug|x86.Build.0 = Debug|Win32
		{8519A751-E335-405C-92F6-0A86B25AF78C}.Release|x64.ActiveCfg = Release|x64
		{8519A751-E335-405C-92F6-0A86B25AF78C}.Release|x64.Build.0 = Release|x64
		{8519A751-E335-405C-92F6-0A86B25AF78C}.Release|x86.ActiveCfg = Release|Win32
		{8519A751-E335-405C-92F6-0A86B25AF78C}.Release|x86.Build.0 = Release|Win32
		{FE0CC8A2-9EAA-4F52-92B4-36F9B24102CB}.Debug|x64.ActiveCfg = Debug|x64
		{FE0CC8A2-9EAA-4F52-92B4-36F9B24102CB}.Debug|x64.Build.0 = Debug|x64
		{FE0CC8A2-9EAA-4F52-92B4-36F9B24102CB}.Debug|x86.ActiveCfg = Debug|Win32
		{FE0CC8A2-9EAA-4F52-92B4-36F9B24102CB}.Debug|x86.Build.0 = Debug|Win32
		{FE0CC8A2-9EAA-4F52-92B4-36F9B24102CB}.Release|x64.ActiveCfg = Release|x64
		{FE0CC8A2-9EAA-4F52-92B4-36F9B24102CB}.Release|x64.Build.0 = Release|x64
		{FE0CC8A2-9EAA-4F52-92B4-36F9B24102CB}.Release|x86.ActiveCfg = Release|Win32
		{FE0CC8A2-9EAA-4F52-92B4-36F9B24102CB}.Release|x86.Build.0 = Release|Win32
		{FA292317-ED22-4A8A-A8CF-0C41390999B1}.Debug|x64.ActiveCfg = Debug|x64
		{FA292317-ED22-4A8A-A8CF-0C41390999B1}.Debug|x64.Build.0 = Debug|x64
		{FA292317-ED22-4A8A-A8CF-0C41390999B1}.Debug|x86.ActiveCfg = Debug|Win32
		{FA292317-ED22-4A8A-A8CF-0C41390999B1}.Debug|x86.Build.0 = Debug|Win32
		{FA292317-ED22-4A8A-A8CF-0C41390999B1}.Release|x64.ActiveCfg = Release|x64
		{FA292317-ED22-4A8A-A8CF-0C41390999B1}.Release|x64.Build.0 = Release|x64
		{FA292317-ED22-4A8A-A8CF-0C41390999B1}.Release|x86.ActiveCfg = Release|Win32
		{FA292317-ED22-4A8A-A8CF-0C41390999B1}.Release|x86.Build.0 = Release|Win32
		{17006092-8710-4927-9EB6-B42A1E34AA89}.Debug|x64.ActiveCfg = Debug|x64
		{17006092-8710-4927-9EB6-B42A1E34AA89}.Debug|x64.Build.0 = Debug|x64
		{17006092-8710-4927-9EB6-B42A1E34AA89}.Debug|x86.ActiveCfg = Debug|Win32
		{17006092-8710-4927-9EB6-B42A1E34AA89}.Debug|x86.Build.0 = Debug|Win32
		{17006092-8710-4927-9EB6-B42A1E34AA89}.Release|x64.ActiveCfg = Release|x64
		{17006092-8710-4927-9EB6-B42A1E34AA89}.Release|x64.Build.0 = Release|x64
		{17006092-8710-4927-9EB6-B42A1E34AA89}.Release|x86.ActiveCfg = Release|Win32
		{17006092-8710-4927-9EB6-B42A1E34AA89}.Release|x86.Build.0 = Release|Win32
		{D97C03CD-DF82-4F79-A68A-D76F0136D5F9}.Debug|x64.ActiveCfg = Debug|x64
		{D97C03CD-DF82-4F79-A68A-D76F0136D5F9}.Debug|x64.Build.0 = Debug|x64
		{D97C03CD-DF82-4F79-A68A-D76F0136D5F9}.Debug|x86.ActiveCfg = Debug|Win32
		{D97C03CD-DF82-4F79-A68A-D76F0136D5F9}.Debug|x86.Build.0 = Debug|Win32
		{D97C03CD-DF82-4F79-A68A-D76F0136D5F9}.Release|x64.ActiveCfg = Release|x64
		{D97C03CD-DF82-4F79-A68A-D76F0136D5F9}.Release|x64.Build.0 = Release|x64
		{D97C03CD-DF82-4F79-A68A-D76F0136D5F9}.Release|x86.ActiveCfg = Release|Win32
		{D97C03CD-DF82-4F79-A68A-D76F0136D5F9}.Release|x86.Build.0 = Release|Win32
		{27C8BB69-249D-489A-98DB-68E5C2ED44D5}.Debug|x64.ActiveCfg = Debug|x64
		{27C8BB69-249D-489A-98DB-68E5C2ED44D5}.Debug|x64.Build.0 = Debug|x64
		{27C8BB69-249D-489A-98DB-68E5C2ED44D5}.Debug|x86.ActiveCfg = Debug|Win32
		{27C8BB69-249D-489A-98DB-68E5C2ED44D5}.Debug|x86.Build.0 = Debug|Win32
		{27C8BB69-249D-489A-98DB-68E5C2ED44D5}.Release|x64.ActiveCfg = Release|x64
		{27C8BB69-249D-489A-98DB-68E5C2ED44D5}.Release|x64.Build.0 = Release|x64
		{27C8BB69-249D-489A-98DB-68E5C2ED44D5}.Release|x86.ActiveCfg = Release|Win32
		{27C8BB69-249D-489A-98DB-68E5C2ED44D5}.Release|x86.Build.0 = Release|Win32
	EndGlobalSection
	GlobalSection(SolutionProperties) = preSolution
		HideSolutionNode = FALSE
	EndGlobalSection
	GlobalSection(ExtensibilityGlobals) = postSolution
		SolutionGuid = {C600050D-DF45-4FE1-8279-E40CDACC79FB}
	EndGlobalSection
EndGlobal
