
Microsoft Visual Studio Solution File, Format Version 12.00
# Visual Studio 15
VisualStudioVersion = 15.0.27428.2037
MinimumVisualStudioVersion = 10.0.40219.1
Project("{8BC9CEB8-8B4A-11D0-8D11-00A0C91BC942}") = "adapter", "adapter\adapter.vcxproj", "{A38D34FC-3894-4C5E-A0A3-DF9D260AAAA7}"
EndProject
Project("{8BC9CEB8-8B4A-11D0-8D11-00A0C91BC942}") = "adapterTests", "adapterTests\adapterTests.vcxproj", "{7D45ED69-B1A6-4D2F-BE52-89D797DD7DB5}"
EndProject
Global
	GlobalSection(SolutionConfigurationPlatforms) = preSolution
		Debug|x64 = Debug|x64
		Debug|x86 = Debug|x86
		Release|x64 = Release|x64
		Release|x86 = Release|x86
	EndGlobalSection
	GlobalSection(ProjectConfigurationPlatforms) = postSolution
		{A38D34FC-3894-4C5E-A0A3-DF9D260AAAA7}.Debug|x64.ActiveCfg = Debug|x64
		{A38D34FC-3894-4C5E-A0A3-DF9D260AAAA7}.Debug|x64.Build.0 = Debug|x64
		{A38D34FC-3894-4C5E-A0A3-DF9D260AAAA7}.Debug|x86.ActiveCfg = Debug|Win32
		{A38D34FC-3894-4C5E-A0A3-DF9D260AAAA7}.Debug|x86.Build.0 = Debug|Win32
		{A38D34FC-3894-4C5E-A0A3-DF9D260AAAA7}.Release|x64.ActiveCfg = Release|x64
		{A38D34FC-3894-4C5E-A0A3-DF9D260AAAA7}.Release|x64.Build.0 = Release|x64
		{A38D34FC-3894-4C5E-A0A3-DF9D260AAAA7}.Release|x86.ActiveCfg = Release|Win32
		{A38D34FC-3894-4C5E-A0A3-DF9D260AAAA7}.Release|x86.Build.0 = Release|Win32
		{7D45ED69-B1A6-4D2F-BE52-89D797DD7DB5}.Debug|x64.ActiveCfg = Debug|x64
		{7D45ED69-B1A6-4D2F-BE52-89D797DD7DB5}.Debug|x64.Build.0 = Debug|x64
		{7D45ED69-B1A6-4D2F-BE52-89D797DD7DB5}.Debug|x86.ActiveCfg = Debug|Win32
		{7D45ED69-B1A6-4D2F-BE52-89D797DD7DB5}.Debug|x86.Build.0 = Debug|Win32
		{7D45ED69-B1A6-4D2F-BE52-89D797DD7DB5}.Release|x64.ActiveCfg = Release|x64
		{7D45ED69-B1A6-4D2F-BE52-89D797DD7DB5}.Release|x64.Build.0 = Release|x64
		{7D45ED69-B1A6-4D2F-BE52-89D797DD7DB5}.Release|x86.ActiveCfg = Release|Win32
		{7D45ED69-B1A6-4D2F-BE52-89D797DD7DB5}.Release|x86.Build.0 = Release|Win32
	EndGlobalSection
	GlobalSection(SolutionProperties) = preSolution
		HideSolutionNode = FALSE
	EndGlobalSection
	GlobalSection(ExtensibilityGlobals) = postSolution
		SolutionGuid = {258AEE62-8718-43F2-B7DC-93F16FA9BC0A}
	EndGlobalSection
EndGlobal
